// !$*UTF8*$!
{
	archiveVersion = 1;
	classes = {
	};
	objectVersion = 50;
	objects = {

/* Begin PBXBuildFile section */
		D307F52924403EEE00971DC2 /* CoreServices.framework in Frameworks */ = {isa = PBXBuildFile; fileRef = D307F52824403EEE00971DC2 /* CoreServices.framework */; };
		D307F5332440418900971DC2 /* optool-headers.m in Sources */ = {isa = PBXBuildFile; fileRef = D307F52D2440418900971DC2 /* optool-headers.m */; };
		D307F5342440418900971DC2 /* optool-operations.m in Sources */ = {isa = PBXBuildFile; fileRef = D307F52E2440418900971DC2 /* optool-operations.m */; };
		D307F5352440418900971DC2 /* NSData+Reading.m in Sources */ = {isa = PBXBuildFile; fileRef = D307F52F2440418900971DC2 /* NSData+Reading.m */; };
		D307F55D244042C200971DC2 /* move_and_sign.sh in Resources */ = {isa = PBXBuildFile; fileRef = D307F537244042C200971DC2 /* move_and_sign.sh */; };
		D307F55E244042C200971DC2 /* ClutchBundle.m in Sources */ = {isa = PBXBuildFile; fileRef = D307F539244042C200971DC2 /* ClutchBundle.m */; };
		D307F55F244042C200971DC2 /* Extension.m in Sources */ = {isa = PBXBuildFile; fileRef = D307F53A244042C200971DC2 /* Extension.m */; };
		D307F560244042C200971DC2 /* Framework.m in Sources */ = {isa = PBXBuildFile; fileRef = D307F53C244042C200971DC2 /* Framework.m */; };
		D307F561244042C200971DC2 /* Binary.m in Sources */ = {isa = PBXBuildFile; fileRef = D307F53D244042C200971DC2 /* Binary.m */; };
		D307F562244042C200971DC2 /* Application.m in Sources */ = {isa = PBXBuildFile; fileRef = D307F541244042C200971DC2 /* Application.m */; };
		D307F563244042C200971DC2 /* ZipArchive.m in Sources */ = {isa = PBXBuildFile; fileRef = D307F545244042C200971DC2 /* ZipArchive.m */; };
		D307F564244042C200971DC2 /* FinalizeDumpOperation.m in Sources */ = {isa = PBXBuildFile; fileRef = D307F549244042C200971DC2 /* FinalizeDumpOperation.m */; };
		D307F565244042C200971DC2 /* ZipOperation.m in Sources */ = {isa = PBXBuildFile; fileRef = D307F54A244042C200971DC2 /* ZipOperation.m */; };
		D307F566244042C200971DC2 /* BundleDumpOperation.m in Sources */ = {isa = PBXBuildFile; fileRef = D307F54B244042C200971DC2 /* BundleDumpOperation.m */; };
		D307F567244042C200971DC2 /* ASLRDisabler.m in Sources */ = {isa = PBXBuildFile; fileRef = D307F54E244042C200971DC2 /* ASLRDisabler.m */; };
		D307F568244042C200971DC2 /* ARMDumper.m in Sources */ = {isa = PBXBuildFile; fileRef = D307F54F244042C200971DC2 /* ARMDumper.m */; };
		D307F569244042C200971DC2 /* Dumper.m in Sources */ = {isa = PBXBuildFile; fileRef = D307F554244042C200971DC2 /* Dumper.m */; };
		D307F56A244042C200971DC2 /* ARM64Dumper.m in Sources */ = {isa = PBXBuildFile; fileRef = D307F556244042C200971DC2 /* ARM64Dumper.m */; };
		D307F56B244042C200971DC2 /* FrameworkDumper.m in Sources */ = {isa = PBXBuildFile; fileRef = D307F557244042C200971DC2 /* FrameworkDumper.m */; };
		D307F56C244042C200971DC2 /* FrameworkLoader.m in Sources */ = {isa = PBXBuildFile; fileRef = D307F55B244042C200971DC2 /* FrameworkLoader.m */; };
		D307F56D244042C200971DC2 /* Framework64Dumper.m in Sources */ = {isa = PBXBuildFile; fileRef = D307F55C244042C200971DC2 /* Framework64Dumper.m */; };
		D307F587244042E100971DC2 /* KJApplicationManager.m in Sources */ = {isa = PBXBuildFile; fileRef = D307F575244042E000971DC2 /* KJApplicationManager.m */; };
		D307F589244042E100971DC2 /* ClutchPrint.m in Sources */ = {isa = PBXBuildFile; fileRef = D307F57B244042E000971DC2 /* ClutchPrint.m */; };
		D307F58B244042E100971DC2 /* sha1.c in Sources */ = {isa = PBXBuildFile; fileRef = D307F57D244042E100971DC2 /* sha1.c */; };
		D307F58C244042E100971DC2 /* ClutchCommands.m in Sources */ = {isa = PBXBuildFile; fileRef = D307F57E244042E100971DC2 /* ClutchCommands.m */; };
		D307F58D244042E100971DC2 /* NSFileHandle+Private.m in Sources */ = {isa = PBXBuildFile; fileRef = D307F580244042E100971DC2 /* NSFileHandle+Private.m */; };
		D307F58E244042E100971DC2 /* Device.m in Sources */ = {isa = PBXBuildFile; fileRef = D307F585244042E100971DC2 /* Device.m */; };
		D307F594244044D900971DC2 /* scinfo.m in Sources */ = {isa = PBXBuildFile; fileRef = D307F590244044D900971DC2 /* scinfo.m */; };
		D307F595244044D900971DC2 /* SCInfoBuilder.m in Sources */ = {isa = PBXBuildFile; fileRef = D307F592244044D900971DC2 /* SCInfoBuilder.m */; };
		D307F5982440452000971DC2 /* NSBundle+Clutch.m in Sources */ = {isa = PBXBuildFile; fileRef = D307F5972440452000971DC2 /* NSBundle+Clutch.m */; };
		D3415C372440361500E2E7DB /* main.m in Sources */ = {isa = PBXBuildFile; fileRef = D3415C362440361500E2E7DB /* main.m */; };
		D3415CC1244037D800E2E7DB /* zip.c in Sources */ = {isa = PBXBuildFile; fileRef = D3415CBB244037D800E2E7DB /* zip.c */; };
		D3415CC2244037D800E2E7DB /* unzip.c in Sources */ = {isa = PBXBuildFile; fileRef = D3415CBE244037D800E2E7DB /* unzip.c */; };
		D3415CC3244037D800E2E7DB /* ioapi.c in Sources */ = {isa = PBXBuildFile; fileRef = D3415CBF244037D800E2E7DB /* ioapi.c */; };
		D3415CC6244037F200E2E7DB /* Foundation.framework in Frameworks */ = {isa = PBXBuildFile; fileRef = D3415CC5244037F200E2E7DB /* Foundation.framework */; };
		D3415CC7244037F700E2E7DB /* libMiniZip.a in Frameworks */ = {isa = PBXBuildFile; fileRef = D3415CB12440379D00E2E7DB /* libMiniZip.a */; };
/* End PBXBuildFile section */

/* Begin PBXContainerItemProxy section */
		D3415CC8244037F700E2E7DB /* PBXContainerItemProxy */ = {
			isa = PBXContainerItemProxy;
			containerPortal = D3415C192440361400E2E7DB /* Project object */;
			proxyType = 1;
			remoteGlobalIDString = D3415CB02440379D00E2E7DB;
			remoteInfo = MiniZip;
		};
/* End PBXContainerItemProxy section */

/* Begin PBXCopyFilesBuildPhase section */
		D3415CAF2440379D00E2E7DB /* CopyFiles */ = {
			isa = PBXCopyFilesBuildPhase;
			buildActionMask = 2147483647;
			dstPath = "include/$(PRODUCT_NAME)";
			dstSubfolderSpec = 16;
			files = (
			);
			runOnlyForDeploymentPostprocessing = 0;
		};
/* End PBXCopyFilesBuildPhase section */

/* Begin PBXFileReference section */
		D307F52824403EEE00971DC2 /* CoreServices.framework */ = {isa = PBXFileReference; lastKnownFileType = wrapper.framework; name = CoreServices.framework; path = System/Library/Frameworks/CoreServices.framework; sourceTree = SDKROOT; };
		D307F52B2440418900971DC2 /* NSData+Reading.h */ = {isa = PBXFileReference; fileEncoding = 4; lastKnownFileType = sourcecode.c.h; path = "NSData+Reading.h"; sourceTree = "<group>"; };
		D307F52C2440418900971DC2 /* optool.h */ = {isa = PBXFileReference; fileEncoding = 4; lastKnownFileType = sourcecode.c.h; path = optool.h; sourceTree = "<group>"; };
		D307F52D2440418900971DC2 /* optool-headers.m */ = {isa = PBXFileReference; fileEncoding = 4; lastKnownFileType = sourcecode.c.objc; path = "optool-headers.m"; sourceTree = "<group>"; };
		D307F52E2440418900971DC2 /* optool-operations.m */ = {isa = PBXFileReference; fileEncoding = 4; lastKnownFileType = sourcecode.c.objc; path = "optool-operations.m"; sourceTree = "<group>"; };
		D307F52F2440418900971DC2 /* NSData+Reading.m */ = {isa = PBXFileReference; fileEncoding = 4; lastKnownFileType = sourcecode.c.objc; path = "NSData+Reading.m"; sourceTree = "<group>"; };
		D307F5302440418900971DC2 /* optool-defines.h */ = {isa = PBXFileReference; fileEncoding = 4; lastKnownFileType = sourcecode.c.h; path = "optool-defines.h"; sourceTree = "<group>"; };
		D307F5312440418900971DC2 /* optool-headers.h */ = {isa = PBXFileReference; fileEncoding = 4; lastKnownFileType = sourcecode.c.h; path = "optool-headers.h"; sourceTree = "<group>"; };
		D307F5322440418900971DC2 /* optool-operations.h */ = {isa = PBXFileReference; fileEncoding = 4; lastKnownFileType = sourcecode.c.h; path = "optool-operations.h"; sourceTree = "<group>"; };
		D307F537244042C200971DC2 /* move_and_sign.sh */ = {isa = PBXFileReference; fileEncoding = 4; lastKnownFileType = text.script.sh; path = move_and_sign.sh; sourceTree = "<group>"; };
		D307F539244042C200971DC2 /* ClutchBundle.m */ = {isa = PBXFileReference; fileEncoding = 4; lastKnownFileType = sourcecode.c.objc; path = ClutchBundle.m; sourceTree = "<group>"; };
		D307F53A244042C200971DC2 /* Extension.m */ = {isa = PBXFileReference; fileEncoding = 4; lastKnownFileType = sourcecode.c.objc; path = Extension.m; sourceTree = "<group>"; };
		D307F53B244042C200971DC2 /* Application.h */ = {isa = PBXFileReference; fileEncoding = 4; lastKnownFileType = sourcecode.c.h; path = Application.h; sourceTree = "<group>"; };
		D307F53C244042C200971DC2 /* Framework.m */ = {isa = PBXFileReference; fileEncoding = 4; lastKnownFileType = sourcecode.c.objc; path = Framework.m; sourceTree = "<group>"; };
		D307F53D244042C200971DC2 /* Binary.m */ = {isa = PBXFileReference; fileEncoding = 4; lastKnownFileType = sourcecode.c.objc; path = Binary.m; sourceTree = "<group>"; };
		D307F53E244042C200971DC2 /* ClutchBundle.h */ = {isa = PBXFileReference; fileEncoding = 4; lastKnownFileType = sourcecode.c.h; path = ClutchBundle.h; sourceTree = "<group>"; };
		D307F53F244042C200971DC2 /* Extension.h */ = {isa = PBXFileReference; fileEncoding = 4; lastKnownFileType = sourcecode.c.h; path = Extension.h; sourceTree = "<group>"; };
		D307F540244042C200971DC2 /* Framework.h */ = {isa = PBXFileReference; fileEncoding = 4; lastKnownFileType = sourcecode.c.h; path = Framework.h; sourceTree = "<group>"; };
		D307F541244042C200971DC2 /* Application.m */ = {isa = PBXFileReference; fileEncoding = 4; lastKnownFileType = sourcecode.c.objc; path = Application.m; sourceTree = "<group>"; };
		D307F542244042C200971DC2 /* Binary.h */ = {isa = PBXFileReference; fileEncoding = 4; lastKnownFileType = sourcecode.c.h; path = Binary.h; sourceTree = "<group>"; };
		D307F544244042C200971DC2 /* ZipArchive.h */ = {isa = PBXFileReference; fileEncoding = 4; lastKnownFileType = sourcecode.c.h; path = ZipArchive.h; sourceTree = "<group>"; };
		D307F545244042C200971DC2 /* ZipArchive.m */ = {isa = PBXFileReference; fileEncoding = 4; lastKnownFileType = sourcecode.c.objc; path = ZipArchive.m; sourceTree = "<group>"; };
		D307F547244042C200971DC2 /* ZipOperation.h */ = {isa = PBXFileReference; fileEncoding = 4; lastKnownFileType = sourcecode.c.h; path = ZipOperation.h; sourceTree = "<group>"; };
		D307F548244042C200971DC2 /* BundleDumpOperation.h */ = {isa = PBXFileReference; fileEncoding = 4; lastKnownFileType = sourcecode.c.h; path = BundleDumpOperation.h; sourceTree = "<group>"; };
		D307F549244042C200971DC2 /* FinalizeDumpOperation.m */ = {isa = PBXFileReference; fileEncoding = 4; lastKnownFileType = sourcecode.c.objc; path = FinalizeDumpOperation.m; sourceTree = "<group>"; };
		D307F54A244042C200971DC2 /* ZipOperation.m */ = {isa = PBXFileReference; fileEncoding = 4; lastKnownFileType = sourcecode.c.objc; path = ZipOperation.m; sourceTree = "<group>"; };
		D307F54B244042C200971DC2 /* BundleDumpOperation.m */ = {isa = PBXFileReference; fileEncoding = 4; lastKnownFileType = sourcecode.c.objc; path = BundleDumpOperation.m; sourceTree = "<group>"; };
		D307F54C244042C200971DC2 /* FinalizeDumpOperation.h */ = {isa = PBXFileReference; fileEncoding = 4; lastKnownFileType = sourcecode.c.h; path = FinalizeDumpOperation.h; sourceTree = "<group>"; };
		D307F54E244042C200971DC2 /* ASLRDisabler.m */ = {isa = PBXFileReference; fileEncoding = 4; lastKnownFileType = sourcecode.c.objc; path = ASLRDisabler.m; sourceTree = "<group>"; };
		D307F54F244042C200971DC2 /* ARMDumper.m */ = {isa = PBXFileReference; fileEncoding = 4; lastKnownFileType = sourcecode.c.objc; path = ARMDumper.m; sourceTree = "<group>"; };
		D307F550244042C200971DC2 /* FrameworkDumper.h */ = {isa = PBXFileReference; fileEncoding = 4; lastKnownFileType = sourcecode.c.h; path = FrameworkDumper.h; sourceTree = "<group>"; };
		D307F551244042C200971DC2 /* ARM64Dumper.h */ = {isa = PBXFileReference; fileEncoding = 4; lastKnownFileType = sourcecode.c.h; path = ARM64Dumper.h; sourceTree = "<group>"; };
		D307F552244042C200971DC2 /* FrameworkLoader.h */ = {isa = PBXFileReference; fileEncoding = 4; lastKnownFileType = sourcecode.c.h; path = FrameworkLoader.h; sourceTree = "<group>"; };
		D307F553244042C200971DC2 /* Framework64Dumper.h */ = {isa = PBXFileReference; fileEncoding = 4; lastKnownFileType = sourcecode.c.h; path = Framework64Dumper.h; sourceTree = "<group>"; };
		D307F554244042C200971DC2 /* Dumper.m */ = {isa = PBXFileReference; fileEncoding = 4; lastKnownFileType = sourcecode.c.objc; path = Dumper.m; sourceTree = "<group>"; };
		D307F555244042C200971DC2 /* BinaryDumpProtocol.h */ = {isa = PBXFileReference; fileEncoding = 4; lastKnownFileType = sourcecode.c.h; path = BinaryDumpProtocol.h; sourceTree = "<group>"; };
		D307F556244042C200971DC2 /* ARM64Dumper.m */ = {isa = PBXFileReference; fileEncoding = 4; lastKnownFileType = sourcecode.c.objc; path = ARM64Dumper.m; sourceTree = "<group>"; };
		D307F557244042C200971DC2 /* FrameworkDumper.m */ = {isa = PBXFileReference; fileEncoding = 4; lastKnownFileType = sourcecode.c.objc; path = FrameworkDumper.m; sourceTree = "<group>"; };
		D307F558244042C200971DC2 /* ARMDumper.h */ = {isa = PBXFileReference; fileEncoding = 4; lastKnownFileType = sourcecode.c.h; path = ARMDumper.h; sourceTree = "<group>"; };
		D307F559244042C200971DC2 /* ASLRDisabler.h */ = {isa = PBXFileReference; fileEncoding = 4; lastKnownFileType = sourcecode.c.h; path = ASLRDisabler.h; sourceTree = "<group>"; };
		D307F55A244042C200971DC2 /* Dumper.h */ = {isa = PBXFileReference; fileEncoding = 4; lastKnownFileType = sourcecode.c.h; path = Dumper.h; sourceTree = "<group>"; };
		D307F55B244042C200971DC2 /* FrameworkLoader.m */ = {isa = PBXFileReference; fileEncoding = 4; lastKnownFileType = sourcecode.c.objc; path = FrameworkLoader.m; sourceTree = "<group>"; };
		D307F55C244042C200971DC2 /* Framework64Dumper.m */ = {isa = PBXFileReference; fileEncoding = 4; lastKnownFileType = sourcecode.c.objc; path = Framework64Dumper.m; sourceTree = "<group>"; };
		D307F571244042E000971DC2 /* FBApplicationInfo.h */ = {isa = PBXFileReference; fileEncoding = 4; lastKnownFileType = sourcecode.c.h; path = FBApplicationInfo.h; sourceTree = "<group>"; };
		D307F572244042E000971DC2 /* ClutchPrint.h */ = {isa = PBXFileReference; fileEncoding = 4; lastKnownFileType = sourcecode.c.h; path = ClutchPrint.h; sourceTree = "<group>"; };
		D307F574244042E000971DC2 /* NSFileHandle+Private.h */ = {isa = PBXFileReference; fileEncoding = 4; lastKnownFileType = sourcecode.c.h; path = "NSFileHandle+Private.h"; sourceTree = "<group>"; };
		D307F575244042E000971DC2 /* KJApplicationManager.m */ = {isa = PBXFileReference; fileEncoding = 4; lastKnownFileType = sourcecode.c.objc; path = KJApplicationManager.m; sourceTree = "<group>"; };
		D307F577244042E000971DC2 /* Clutch-Prefix.pch */ = {isa = PBXFileReference; fileEncoding = 4; lastKnownFileType = sourcecode.c.h; path = "Clutch-Prefix.pch"; sourceTree = "<group>"; };
		D307F578244042E000971DC2 /* LSApplicationProxy.h */ = {isa = PBXFileReference; fileEncoding = 4; lastKnownFileType = sourcecode.c.h; path = LSApplicationProxy.h; sourceTree = "<group>"; };
		D307F57A244042E000971DC2 /* sha1.h */ = {isa = PBXFileReference; fileEncoding = 4; lastKnownFileType = sourcecode.c.h; path = sha1.h; sourceTree = "<group>"; };
		D307F57B244042E000971DC2 /* ClutchPrint.m */ = {isa = PBXFileReference; fileEncoding = 4; lastKnownFileType = sourcecode.c.objc; path = ClutchPrint.m; sourceTree = "<group>"; };
		D307F57D244042E100971DC2 /* sha1.c */ = {isa = PBXFileReference; fileEncoding = 4; lastKnownFileType = sourcecode.c.c; path = sha1.c; sourceTree = "<group>"; };
		D307F57E244042E100971DC2 /* ClutchCommands.m */ = {isa = PBXFileReference; fileEncoding = 4; lastKnownFileType = sourcecode.c.objc; path = ClutchCommands.m; sourceTree = "<group>"; };
		D307F57F244042E100971DC2 /* ClutchCommands.h */ = {isa = PBXFileReference; fileEncoding = 4; lastKnownFileType = sourcecode.c.h; path = ClutchCommands.h; sourceTree = "<group>"; };
		D307F580244042E100971DC2 /* NSFileHandle+Private.m */ = {isa = PBXFileReference; fileEncoding = 4; lastKnownFileType = sourcecode.c.objc; path = "NSFileHandle+Private.m"; sourceTree = "<group>"; };
		D307F582244042E100971DC2 /* LSApplicationWorkspace.h */ = {isa = PBXFileReference; fileEncoding = 4; lastKnownFileType = sourcecode.c.h; path = LSApplicationWorkspace.h; sourceTree = "<group>"; };
		D307F583244042E100971DC2 /* KJApplicationManager.h */ = {isa = PBXFileReference; fileEncoding = 4; lastKnownFileType = sourcecode.c.h; path = KJApplicationManager.h; sourceTree = "<group>"; };
		D307F584244042E100971DC2 /* Device.h */ = {isa = PBXFileReference; fileEncoding = 4; lastKnownFileType = sourcecode.c.h; path = Device.h; sourceTree = "<group>"; };
		D307F585244042E100971DC2 /* Device.m */ = {isa = PBXFileReference; fileEncoding = 4; lastKnownFileType = sourcecode.c.objc; path = Device.m; sourceTree = "<group>"; };
		D307F58F2440449600971DC2 /* mach_vm.h */ = {isa = PBXFileReference; fileEncoding = 4; lastKnownFileType = sourcecode.c.h; path = mach_vm.h; sourceTree = "<group>"; };
		D307F590244044D900971DC2 /* scinfo.m */ = {isa = PBXFileReference; fileEncoding = 4; lastKnownFileType = sourcecode.c.objc; path = scinfo.m; sourceTree = "<group>"; };
		D307F591244044D900971DC2 /* scinfo.h */ = {isa = PBXFileReference; fileEncoding = 4; lastKnownFileType = sourcecode.c.h; path = scinfo.h; sourceTree = "<group>"; };
		D307F592244044D900971DC2 /* SCInfoBuilder.m */ = {isa = PBXFileReference; fileEncoding = 4; lastKnownFileType = sourcecode.c.objc; path = SCInfoBuilder.m; sourceTree = "<group>"; };
		D307F593244044D900971DC2 /* SCInfoBuilder.h */ = {isa = PBXFileReference; fileEncoding = 4; lastKnownFileType = sourcecode.c.h; path = SCInfoBuilder.h; sourceTree = "<group>"; };
		D307F5962440452000971DC2 /* NSBundle+Clutch.h */ = {isa = PBXFileReference; fileEncoding = 4; lastKnownFileType = sourcecode.c.h; path = "NSBundle+Clutch.h"; sourceTree = "<group>"; };
		D307F5972440452000971DC2 /* NSBundle+Clutch.m */ = {isa = PBXFileReference; fileEncoding = 4; lastKnownFileType = sourcecode.c.objc; path = "NSBundle+Clutch.m"; sourceTree = "<group>"; };
		D3415C212440361400E2E7DB /* Clutch.app */ = {isa = PBXFileReference; explicitFileType = wrapper.application; includeInIndex = 0; path = Clutch.app; sourceTree = BUILT_PRODUCTS_DIR; };
		D3415C362440361500E2E7DB /* main.m */ = {isa = PBXFileReference; lastKnownFileType = sourcecode.c.objc; path = main.m; sourceTree = "<group>"; };
		D3415CB12440379D00E2E7DB /* libMiniZip.a */ = {isa = PBXFileReference; explicitFileType = archive.ar; includeInIndex = 0; path = libMiniZip.a; sourceTree = BUILT_PRODUCTS_DIR; };
		D3415CBA244037D800E2E7DB /* ioapi.h */ = {isa = PBXFileReference; fileEncoding = 4; lastKnownFileType = sourcecode.c.h; path = ioapi.h; sourceTree = "<group>"; };
		D3415CBB244037D800E2E7DB /* zip.c */ = {isa = PBXFileReference; fileEncoding = 4; lastKnownFileType = sourcecode.c.c; path = zip.c; sourceTree = "<group>"; };
		D3415CBC244037D800E2E7DB /* unzip.h */ = {isa = PBXFileReference; fileEncoding = 4; lastKnownFileType = sourcecode.c.h; path = unzip.h; sourceTree = "<group>"; };
		D3415CBD244037D800E2E7DB /* crypt.h */ = {isa = PBXFileReference; fileEncoding = 4; lastKnownFileType = sourcecode.c.h; path = crypt.h; sourceTree = "<group>"; };
		D3415CBE244037D800E2E7DB /* unzip.c */ = {isa = PBXFileReference; fileEncoding = 4; lastKnownFileType = sourcecode.c.c; path = unzip.c; sourceTree = "<group>"; };
		D3415CBF244037D800E2E7DB /* ioapi.c */ = {isa = PBXFileReference; fileEncoding = 4; lastKnownFileType = sourcecode.c.c; path = ioapi.c; sourceTree = "<group>"; };
		D3415CC0244037D800E2E7DB /* zip.h */ = {isa = PBXFileReference; fileEncoding = 4; lastKnownFileType = sourcecode.c.h; path = zip.h; sourceTree = "<group>"; };
		D3415CC5244037F200E2E7DB /* Foundation.framework */ = {isa = PBXFileReference; lastKnownFileType = wrapper.framework; name = Foundation.framework; path = System/Library/Frameworks/Foundation.framework; sourceTree = SDKROOT; };
		D3415CCA244037FE00E2E7DB /* libncurses.tbd */ = {isa = PBXFileReference; lastKnownFileType = "sourcecode.text-based-dylib-definition"; name = libncurses.tbd; path = usr/lib/libncurses.tbd; sourceTree = SDKROOT; };
		D3415CCB2440380900E2E7DB /* libz.tbd */ = {isa = PBXFileReference; lastKnownFileType = "sourcecode.text-based-dylib-definition"; name = libz.tbd; path = usr/lib/libz.tbd; sourceTree = SDKROOT; };
		D3415CCC2440381000E2E7DB /* MobileCoreServices.framework */ = {isa = PBXFileReference; lastKnownFileType = wrapper.framework; name = MobileCoreServices.framework; path = System/Library/Frameworks/MobileCoreServices.framework; sourceTree = SDKROOT; };
/* End PBXFileReference section */

/* Begin PBXFrameworksBuildPhase section */
		D3415C1E2440361400E2E7DB /* Frameworks */ = {
			isa = PBXFrameworksBuildPhase;
			buildActionMask = 2147483647;
			files = (
				D3415CC7244037F700E2E7DB /* libMiniZip.a in Frameworks */,
				D307F52924403EEE00971DC2 /* CoreServices.framework in Frameworks */,
				D3415CC6244037F200E2E7DB /* Foundation.framework in Frameworks */,
			);
			runOnlyForDeploymentPostprocessing = 0;
		};
		D3415CAE2440379D00E2E7DB /* Frameworks */ = {
			isa = PBXFrameworksBuildPhase;
			buildActionMask = 2147483647;
			files = (
			);
			runOnlyForDeploymentPostprocessing = 0;
		};
/* End PBXFrameworksBuildPhase section */

/* Begin PBXGroup section */
		D307F52A2440418900971DC2 /* optool */ = {
			isa = PBXGroup;
			children = (
				D307F52B2440418900971DC2 /* NSData+Reading.h */,
				D307F52F2440418900971DC2 /* NSData+Reading.m */,
				D307F5302440418900971DC2 /* optool-defines.h */,
				D307F5312440418900971DC2 /* optool-headers.h */,
				D307F52D2440418900971DC2 /* optool-headers.m */,
				D307F5322440418900971DC2 /* optool-operations.h */,
				D307F52E2440418900971DC2 /* optool-operations.m */,
				D307F52C2440418900971DC2 /* optool.h */,
			);
			path = optool;
			sourceTree = "<group>";
		};
		D307F536244042C200971DC2 /* Scripts */ = {
			isa = PBXGroup;
			children = (
				D307F537244042C200971DC2 /* move_and_sign.sh */,
			);
			path = Scripts;
			sourceTree = "<group>";
		};
		D307F538244042C200971DC2 /* Application */ = {
			isa = PBXGroup;
			children = (
				D307F53B244042C200971DC2 /* Application.h */,
				D307F541244042C200971DC2 /* Application.m */,
				D307F542244042C200971DC2 /* Binary.h */,
				D307F53D244042C200971DC2 /* Binary.m */,
				D307F53E244042C200971DC2 /* ClutchBundle.h */,
				D307F539244042C200971DC2 /* ClutchBundle.m */,
				D307F53F244042C200971DC2 /* Extension.h */,
				D307F53A244042C200971DC2 /* Extension.m */,
				D307F540244042C200971DC2 /* Framework.h */,
				D307F53C244042C200971DC2 /* Framework.m */,
				D307F591244044D900971DC2 /* scinfo.h */,
				D307F590244044D900971DC2 /* scinfo.m */,
				D307F593244044D900971DC2 /* SCInfoBuilder.h */,
				D307F592244044D900971DC2 /* SCInfoBuilder.m */,
			);
			path = Application;
			sourceTree = "<group>";
		};
		D307F543244042C200971DC2 /* zip */ = {
			isa = PBXGroup;
			children = (
				D307F544244042C200971DC2 /* ZipArchive.h */,
				D307F545244042C200971DC2 /* ZipArchive.m */,
			);
			path = zip;
			sourceTree = "<group>";
		};
		D307F546244042C200971DC2 /* Operations */ = {
			isa = PBXGroup;
			children = (
				D307F548244042C200971DC2 /* BundleDumpOperation.h */,
				D307F54B244042C200971DC2 /* BundleDumpOperation.m */,
				D307F54C244042C200971DC2 /* FinalizeDumpOperation.h */,
				D307F549244042C200971DC2 /* FinalizeDumpOperation.m */,
				D307F547244042C200971DC2 /* ZipOperation.h */,
				D307F54A244042C200971DC2 /* ZipOperation.m */,
			);
			path = Operations;
			sourceTree = "<group>";
		};
		D307F54D244042C200971DC2 /* Dumpers */ = {
			isa = PBXGroup;
			children = (
				D307F551244042C200971DC2 /* ARM64Dumper.h */,
				D307F556244042C200971DC2 /* ARM64Dumper.m */,
				D307F558244042C200971DC2 /* ARMDumper.h */,
				D307F54F244042C200971DC2 /* ARMDumper.m */,
				D307F559244042C200971DC2 /* ASLRDisabler.h */,
				D307F54E244042C200971DC2 /* ASLRDisabler.m */,
				D307F555244042C200971DC2 /* BinaryDumpProtocol.h */,
				D307F55A244042C200971DC2 /* Dumper.h */,
				D307F554244042C200971DC2 /* Dumper.m */,
				D307F553244042C200971DC2 /* Framework64Dumper.h */,
				D307F55C244042C200971DC2 /* Framework64Dumper.m */,
				D307F550244042C200971DC2 /* FrameworkDumper.h */,
				D307F557244042C200971DC2 /* FrameworkDumper.m */,
				D307F552244042C200971DC2 /* FrameworkLoader.h */,
				D307F55B244042C200971DC2 /* FrameworkLoader.m */,
				D307F58F2440449600971DC2 /* mach_vm.h */,
				D307F5962440452000971DC2 /* NSBundle+Clutch.h */,
				D307F5972440452000971DC2 /* NSBundle+Clutch.m */,
			);
			path = Dumpers;
			sourceTree = "<group>";
		};
		D3415C182440361400E2E7DB = {
			isa = PBXGroup;
			children = (
				D3415C232440361400E2E7DB /* Clutch */,
				D3415CB22440379D00E2E7DB /* MiniZip */,
				D3415C222440361400E2E7DB /* Products */,
				D3415CC4244037F100E2E7DB /* Frameworks */,
			);
			sourceTree = "<group>";
		};
		D3415C222440361400E2E7DB /* Products */ = {
			isa = PBXGroup;
			children = (
				D3415C212440361400E2E7DB /* Clutch.app */,
				D3415CB12440379D00E2E7DB /* libMiniZip.a */,
			);
			name = Products;
			sourceTree = "<group>";
		};
		D3415C232440361400E2E7DB /* Clutch */ = {
			isa = PBXGroup;
			children = (
				D307F546244042C200971DC2 /* Operations */,
				D307F52A2440418900971DC2 /* optool */,
				D307F536244042C200971DC2 /* Scripts */,
				D307F543244042C200971DC2 /* zip */,
				D307F54D244042C200971DC2 /* Dumpers */,
				D307F538244042C200971DC2 /* Application */,
				D307F577244042E000971DC2 /* Clutch-Prefix.pch */,
				D307F57F244042E100971DC2 /* ClutchCommands.h */,
				D307F57E244042E100971DC2 /* ClutchCommands.m */,
				D307F572244042E000971DC2 /* ClutchPrint.h */,
				D307F57B244042E000971DC2 /* ClutchPrint.m */,
				D307F584244042E100971DC2 /* Device.h */,
				D307F585244042E100971DC2 /* Device.m */,
				D307F571244042E000971DC2 /* FBApplicationInfo.h */,
				D307F583244042E100971DC2 /* KJApplicationManager.h */,
				D307F575244042E000971DC2 /* KJApplicationManager.m */,
				D307F578244042E000971DC2 /* LSApplicationProxy.h */,
				D307F582244042E100971DC2 /* LSApplicationWorkspace.h */,
				D307F574244042E000971DC2 /* NSFileHandle+Private.h */,
				D307F580244042E100971DC2 /* NSFileHandle+Private.m */,
				D307F57D244042E100971DC2 /* sha1.c */,
				D307F57A244042E000971DC2 /* sha1.h */,
				D3415C362440361500E2E7DB /* main.m */,
			);
			path = Clutch;
			sourceTree = "<group>";
		};
		D3415CB22440379D00E2E7DB /* MiniZip */ = {
			isa = PBXGroup;
			children = (
				D3415CBD244037D800E2E7DB /* crypt.h */,
				D3415CBF244037D800E2E7DB /* ioapi.c */,
				D3415CBA244037D800E2E7DB /* ioapi.h */,
				D3415CBE244037D800E2E7DB /* unzip.c */,
				D3415CBC244037D800E2E7DB /* unzip.h */,
				D3415CBB244037D800E2E7DB /* zip.c */,
				D3415CC0244037D800E2E7DB /* zip.h */,
			);
			path = MiniZip;
			sourceTree = "<group>";
		};
		D3415CC4244037F100E2E7DB /* Frameworks */ = {
			isa = PBXGroup;
			children = (
				D307F52824403EEE00971DC2 /* CoreServices.framework */,
				D3415CCC2440381000E2E7DB /* MobileCoreServices.framework */,
				D3415CCB2440380900E2E7DB /* libz.tbd */,
				D3415CCA244037FE00E2E7DB /* libncurses.tbd */,
				D3415CC5244037F200E2E7DB /* Foundation.framework */,
			);
			name = Frameworks;
			sourceTree = "<group>";
		};
/* End PBXGroup section */

/* Begin PBXNativeTarget section */
		D3415C202440361400E2E7DB /* Clutch */ = {
			isa = PBXNativeTarget;
			buildConfigurationList = D3415C3A2440361500E2E7DB /* Build configuration list for PBXNativeTarget "Clutch" */;
			buildPhases = (
				D3415C1D2440361400E2E7DB /* Sources */,
				D3415C1E2440361400E2E7DB /* Frameworks */,
				D3415C1F2440361400E2E7DB /* Resources */,
				D3415CCF2440394B00E2E7DB /* ShellScript */,
			);
			buildRules = (
			);
			dependencies = (
				D3415CC9244037F700E2E7DB /* PBXTargetDependency */,
			);
			name = Clutch;
			productName = Clutch;
			productReference = D3415C212440361400E2E7DB /* Clutch.app */;
			productType = "com.apple.product-type.application";
		};
		D3415CB02440379D00E2E7DB /* MiniZip */ = {
			isa = PBXNativeTarget;
			buildConfigurationList = D3415CB72440379D00E2E7DB /* Build configuration list for PBXNativeTarget "MiniZip" */;
			buildPhases = (
				D3415CAD2440379D00E2E7DB /* Sources */,
				D3415CAE2440379D00E2E7DB /* Frameworks */,
				D3415CAF2440379D00E2E7DB /* CopyFiles */,
			);
			buildRules = (
			);
			dependencies = (
			);
			name = MiniZip;
			productName = MiniZip;
			productReference = D3415CB12440379D00E2E7DB /* libMiniZip.a */;
			productType = "com.apple.product-type.library.static";
		};
/* End PBXNativeTarget section */

/* Begin PBXProject section */
		D3415C192440361400E2E7DB /* Project object */ = {
			isa = PBXProject;
			attributes = {
				LastUpgradeCheck = 1140;
				ORGANIZATIONNAME = SkyGuard;
				TargetAttributes = {
					D3415C202440361400E2E7DB = {
						CreatedOnToolsVersion = 11.4;
					};
					D3415CB02440379D00E2E7DB = {
						CreatedOnToolsVersion = 11.4;
					};
				};
			};
			buildConfigurationList = D3415C1C2440361400E2E7DB /* Build configuration list for PBXProject "Clutch" */;
			compatibilityVersion = "Xcode 9.3";
			developmentRegion = en;
			hasScannedForEncodings = 0;
			knownRegions = (
				en,
				Base,
			);
			mainGroup = D3415C182440361400E2E7DB;
			productRefGroup = D3415C222440361400E2E7DB /* Products */;
			projectDirPath = "";
			projectRoot = "";
			targets = (
				D3415C202440361400E2E7DB /* Clutch */,
				D3415CB02440379D00E2E7DB /* MiniZip */,
			);
		};
/* End PBXProject section */

/* Begin PBXResourcesBuildPhase section */
		D3415C1F2440361400E2E7DB /* Resources */ = {
			isa = PBXResourcesBuildPhase;
			buildActionMask = 2147483647;
			files = (
				D307F55D244042C200971DC2 /* move_and_sign.sh in Resources */,
			);
			runOnlyForDeploymentPostprocessing = 0;
		};
/* End PBXResourcesBuildPhase section */

/* Begin PBXShellScriptBuildPhase section */
		D3415CCF2440394B00E2E7DB /* ShellScript */ = {
			isa = PBXShellScriptBuildPhase;
			buildActionMask = 2147483647;
			files = (
			);
			inputFileListPaths = (
			);
			inputPaths = (
			);
			outputFileListPaths = (
			);
			outputPaths = (
			);
			runOnlyForDeploymentPostprocessing = 0;
			shellPath = /bin/sh;
			shellScript = "bash \"${PROJECT_DIR}/Clutch/Scripts/move_and_sign.sh\"\n";
		};
/* End PBXShellScriptBuildPhase section */

/* Begin PBXSourcesBuildPhase section */
		D3415C1D2440361400E2E7DB /* Sources */ = {
			isa = PBXSourcesBuildPhase;
			buildActionMask = 2147483647;
			files = (
				D307F58B244042E100971DC2 /* sha1.c in Sources */,
				D307F594244044D900971DC2 /* scinfo.m in Sources */,
				D307F569244042C200971DC2 /* Dumper.m in Sources */,
				D307F56B244042C200971DC2 /* FrameworkDumper.m in Sources */,
				D307F562244042C200971DC2 /* Application.m in Sources */,
				D307F568244042C200971DC2 /* ARMDumper.m in Sources */,
				D307F565244042C200971DC2 /* ZipOperation.m in Sources */,
				D307F587244042E100971DC2 /* KJApplicationManager.m in Sources */,
				D307F5982440452000971DC2 /* NSBundle+Clutch.m in Sources */,
				D307F564244042C200971DC2 /* FinalizeDumpOperation.m in Sources */,
				D307F561244042C200971DC2 /* Binary.m in Sources */,
				D307F589244042E100971DC2 /* ClutchPrint.m in Sources */,
				D307F5332440418900971DC2 /* optool-headers.m in Sources */,
				D307F5352440418900971DC2 /* NSData+Reading.m in Sources */,
				D307F5342440418900971DC2 /* optool-operations.m in Sources */,
				D307F567244042C200971DC2 /* ASLRDisabler.m in Sources */,
				D307F56C244042C200971DC2 /* FrameworkLoader.m in Sources */,
				D307F55F244042C200971DC2 /* Extension.m in Sources */,
				D307F595244044D900971DC2 /* SCInfoBuilder.m in Sources */,
				D307F563244042C200971DC2 /* ZipArchive.m in Sources */,
				D307F56A244042C200971DC2 /* ARM64Dumper.m in Sources */,
				D307F56D244042C200971DC2 /* Framework64Dumper.m in Sources */,
				D307F58C244042E100971DC2 /* ClutchCommands.m in Sources */,
				D307F560244042C200971DC2 /* Framework.m in Sources */,
				D307F58D244042E100971DC2 /* NSFileHandle+Private.m in Sources */,
				D307F566244042C200971DC2 /* BundleDumpOperation.m in Sources */,
				D307F55E244042C200971DC2 /* ClutchBundle.m in Sources */,
				D307F58E244042E100971DC2 /* Device.m in Sources */,
				D3415C372440361500E2E7DB /* main.m in Sources */,
			);
			runOnlyForDeploymentPostprocessing = 0;
		};
		D3415CAD2440379D00E2E7DB /* Sources */ = {
			isa = PBXSourcesBuildPhase;
			buildActionMask = 2147483647;
			files = (
				D3415CC2244037D800E2E7DB /* unzip.c in Sources */,
				D3415CC3244037D800E2E7DB /* ioapi.c in Sources */,
				D3415CC1244037D800E2E7DB /* zip.c in Sources */,
			);
			runOnlyForDeploymentPostprocessing = 0;
		};
/* End PBXSourcesBuildPhase section */

/* Begin PBXTargetDependency section */
		D3415CC9244037F700E2E7DB /* PBXTargetDependency */ = {
			isa = PBXTargetDependency;
			target = D3415CB02440379D00E2E7DB /* MiniZip */;
			targetProxy = D3415CC8244037F700E2E7DB /* PBXContainerItemProxy */;
		};
/* End PBXTargetDependency section */

/* Begin XCBuildConfiguration section */
		D3415C382440361500E2E7DB /* Debug */ = {
			isa = XCBuildConfiguration;
			buildSettings = {
				ALWAYS_SEARCH_USER_PATHS = NO;
				CLANG_ANALYZER_NONNULL = YES;
				CLANG_ANALYZER_NUMBER_OBJECT_CONVERSION = YES_AGGRESSIVE;
				CLANG_CXX_LANGUAGE_STANDARD = "gnu++14";
				CLANG_CXX_LIBRARY = "libc++";
				CLANG_ENABLE_MODULES = YES;
				CLANG_ENABLE_OBJC_ARC = YES;
				CLANG_ENABLE_OBJC_WEAK = YES;
				CLANG_WARN_BLOCK_CAPTURE_AUTORELEASING = YES;
				CLANG_WARN_BOOL_CONVERSION = YES;
				CLANG_WARN_COMMA = YES;
				CLANG_WARN_CONSTANT_CONVERSION = YES;
				CLANG_WARN_DEPRECATED_OBJC_IMPLEMENTATIONS = YES;
				CLANG_WARN_DIRECT_OBJC_ISA_USAGE = YES_ERROR;
				CLANG_WARN_DOCUMENTATION_COMMENTS = YES;
				CLANG_WARN_EMPTY_BODY = YES;
				CLANG_WARN_ENUM_CONVERSION = YES;
				CLANG_WARN_INFINITE_RECURSION = YES;
				CLANG_WARN_INT_CONVERSION = YES;
				CLANG_WARN_NON_LITERAL_NULL_CONVERSION = YES;
				CLANG_WARN_OBJC_IMPLICIT_RETAIN_SELF = YES;
				CLANG_WARN_OBJC_LITERAL_CONVERSION = YES;
				CLANG_WARN_OBJC_ROOT_CLASS = YES_ERROR;
				CLANG_WARN_RANGE_LOOP_ANALYSIS = YES;
				CLANG_WARN_STRICT_PROTOTYPES = YES;
				CLANG_WARN_SUSPICIOUS_MOVE = YES;
				CLANG_WARN_UNGUARDED_AVAILABILITY = YES_AGGRESSIVE;
				CLANG_WARN_UNREACHABLE_CODE = YES;
				CLANG_WARN__DUPLICATE_METHOD_MATCH = YES;
				COPY_PHASE_STRIP = NO;
				DEBUG_INFORMATION_FORMAT = dwarf;
				ENABLE_STRICT_OBJC_MSGSEND = YES;
				ENABLE_TESTABILITY = YES;
				GCC_C_LANGUAGE_STANDARD = gnu11;
				GCC_DYNAMIC_NO_PIC = NO;
				GCC_NO_COMMON_BLOCKS = YES;
				GCC_OPTIMIZATION_LEVEL = 0;
				GCC_PREPROCESSOR_DEFINITIONS = (
					"DEBUG=1",
					"$(inherited)",
				);
				GCC_WARN_64_TO_32_BIT_CONVERSION = YES;
				GCC_WARN_ABOUT_RETURN_TYPE = YES_ERROR;
				GCC_WARN_UNDECLARED_SELECTOR = YES;
				GCC_WARN_UNINITIALIZED_AUTOS = YES_AGGRESSIVE;
				GCC_WARN_UNUSED_FUNCTION = YES;
				GCC_WARN_UNUSED_VARIABLE = YES;
				IPHONEOS_DEPLOYMENT_TARGET = 13.4;
				MTL_ENABLE_DEBUG_INFO = INCLUDE_SOURCE;
				MTL_FAST_MATH = YES;
				ONLY_ACTIVE_ARCH = YES;
				SDKROOT = iphoneos;
			};
			name = Debug;
		};
		D3415C392440361500E2E7DB /* Release */ = {
			isa = XCBuildConfiguration;
			buildSettings = {
				ALWAYS_SEARCH_USER_PATHS = NO;
				CLANG_ANALYZER_NONNULL = YES;
				CLANG_ANALYZER_NUMBER_OBJECT_CONVERSION = YES_AGGRESSIVE;
				CLANG_CXX_LANGUAGE_STANDARD = "gnu++14";
				CLANG_CXX_LIBRARY = "libc++";
				CLANG_ENABLE_MODULES = YES;
				CLANG_ENABLE_OBJC_ARC = YES;
				CLANG_ENABLE_OBJC_WEAK = YES;
				CLANG_WARN_BLOCK_CAPTURE_AUTORELEASING = YES;
				CLANG_WARN_BOOL_CONVERSION = YES;
				CLANG_WARN_COMMA = YES;
				CLANG_WARN_CONSTANT_CONVERSION = YES;
				CLANG_WARN_DEPRECATED_OBJC_IMPLEMENTATIONS = YES;
				CLANG_WARN_DIRECT_OBJC_ISA_USAGE = YES_ERROR;
				CLANG_WARN_DOCUMENTATION_COMMENTS = YES;
				CLANG_WARN_EMPTY_BODY = YES;
				CLANG_WARN_ENUM_CONVERSION = YES;
				CLANG_WARN_INFINITE_RECURSION = YES;
				CLANG_WARN_INT_CONVERSION = YES;
				CLANG_WARN_NON_LITERAL_NULL_CONVERSION = YES;
				CLANG_WARN_OBJC_IMPLICIT_RETAIN_SELF = YES;
				CLANG_WARN_OBJC_LITERAL_CONVERSION = YES;
				CLANG_WARN_OBJC_ROOT_CLASS = YES_ERROR;
				CLANG_WARN_RANGE_LOOP_ANALYSIS = YES;
				CLANG_WARN_STRICT_PROTOTYPES = YES;
				CLANG_WARN_SUSPICIOUS_MOVE = YES;
				CLANG_WARN_UNGUARDED_AVAILABILITY = YES_AGGRESSIVE;
				CLANG_WARN_UNREACHABLE_CODE = YES;
				CLANG_WARN__DUPLICATE_METHOD_MATCH = YES;
				COPY_PHASE_STRIP = NO;
				DEBUG_INFORMATION_FORMAT = "dwarf-with-dsym";
				ENABLE_NS_ASSERTIONS = NO;
				ENABLE_STRICT_OBJC_MSGSEND = YES;
				GCC_C_LANGUAGE_STANDARD = gnu11;
				GCC_NO_COMMON_BLOCKS = YES;
				GCC_WARN_64_TO_32_BIT_CONVERSION = YES;
				GCC_WARN_ABOUT_RETURN_TYPE = YES_ERROR;
				GCC_WARN_UNDECLARED_SELECTOR = YES;
				GCC_WARN_UNINITIALIZED_AUTOS = YES_AGGRESSIVE;
				GCC_WARN_UNUSED_FUNCTION = YES;
				GCC_WARN_UNUSED_VARIABLE = YES;
				IPHONEOS_DEPLOYMENT_TARGET = 13.4;
				MTL_ENABLE_DEBUG_INFO = NO;
				MTL_FAST_MATH = YES;
				SDKROOT = iphoneos;
				VALIDATE_PRODUCT = YES;
			};
			name = Release;
		};
		D3415C3B2440361500E2E7DB /* Debug */ = {
			isa = XCBuildConfiguration;
			buildSettings = {
				ASSETCATALOG_COMPILER_APPICON_NAME = AppIcon;
				CLANG_WARN_OBJC_LITERAL_CONVERSION = NO;
				CODE_SIGN_STYLE = Automatic;
				DEVELOPMENT_TEAM = G9JFZTHBR6;
				GCC_PREFIX_HEADER = "Clutch/Clutch-Prefix.pch";
				HEADER_SEARCH_PATHS = "${PROJECT_DIR}";
				INFOPLIST_FILE = Clutch/Info.plist;
				LD_RUNPATH_SEARCH_PATHS = (
					"$(inherited)",
					"@executable_path/Frameworks",
				);
				PRODUCT_BUNDLE_IDENTIFIER = com.SkyGuard.Clutch;
				PRODUCT_NAME = "$(TARGET_NAME)";
				TARGETED_DEVICE_FAMILY = "1,2";
			};
			name = Debug;
		};
		D3415C3C2440361500E2E7DB /* Release */ = {
			isa = XCBuildConfiguration;
			buildSettings = {
				ASSETCATALOG_COMPILER_APPICON_NAME = AppIcon;
				CLANG_WARN_OBJC_LITERAL_CONVERSION = NO;
				CODE_SIGN_STYLE = Automatic;
				DEVELOPMENT_TEAM = G9JFZTHBR6;
				GCC_PREFIX_HEADER = "Clutch/Clutch-Prefix.pch";
				HEADER_SEARCH_PATHS = "${PROJECT_DIR}";
				INFOPLIST_FILE = Clutch/Info.plist;
				LD_RUNPATH_SEARCH_PATHS = (
					"$(inherited)",
					"@executable_path/Frameworks",
				);
				PRODUCT_BUNDLE_IDENTIFIER = com.SkyGuard.Clutch;
				PRODUCT_NAME = "$(TARGET_NAME)";
				TARGETED_DEVICE_FAMILY = "1,2";
			};
			name = Release;
		};
		D3415CB82440379D00E2E7DB /* Debug */ = {
			isa = XCBuildConfiguration;
			buildSettings = {
				CODE_SIGN_STYLE = Automatic;
				DEVELOPMENT_TEAM = G9JFZTHBR6;
				OTHER_LDFLAGS = "-ObjC";
				PRODUCT_NAME = "$(TARGET_NAME)";
				SKIP_INSTALL = YES;
				TARGETED_DEVICE_FAMILY = "1,2";
			};
			name = Debug;
		};
		D3415CB92440379D00E2E7DB /* Release */ = {
			isa = XCBuildConfiguration;
			buildSettings = {
				CODE_SIGN_STYLE = Automatic;
				DEVELOPMENT_TEAM = G9JFZTHBR6;
				OTHER_LDFLAGS = "-ObjC";
				PRODUCT_NAME = "$(TARGET_NAME)";
				SKIP_INSTALL = YES;
				TARGETED_DEVICE_FAMILY = "1,2";
			};
			name = Release;
		};
/* End XCBuildConfiguration section */

/* Begin XCConfigurationList section */
		D3415C1C2440361400E2E7DB /* Build configuration list for PBXProject "Clutch" */ = {
			isa = XCConfigurationList;
			buildConfigurations = (
				D3415C382440361500E2E7DB /* Debug */,
				D3415C392440361500E2E7DB /* Release */,
			);
			defaultConfigurationIsVisible = 0;
			defaultConfigurationName = Release;
		};
		D3415C3A2440361500E2E7DB /* Build configuration list for PBXNativeTarget "Clutch" */ = {
			isa = XCConfigurationList;
			buildConfigurations = (
				D3415C3B2440361500E2E7DB /* Debug */,
				D3415C3C2440361500E2E7DB /* Release */,
			);
			defaultConfigurationIsVisible = 0;
			defaultConfigurationName = Release;
		};
		D3415CB72440379D00E2E7DB /* Build configuration list for PBXNativeTarget "MiniZip" */ = {
			isa = XCConfigurationList;
			buildConfigurations = (
				D3415CB82440379D00E2E7DB /* Debug */,
				D3415CB92440379D00E2E7DB /* Release */,
			);
			defaultConfigurationIsVisible = 0;
			defaultConfigurationName = Release;
		};
/* End XCConfigurationList section */
	};
	rootObject = D3415C192440361400E2E7DB /* Project object */;
}
